
Microsoft Visual Studio Solution File, Format Version 12.00
# Visual Studio Version 17
VisualStudioVersion = 17.5.33502.453
MinimumVisualStudioVersion = 10.0.40219.1
Project("{FAE04EC0-301F-11D3-BF4B-00C04F79EFBC}") = "Testing", "Testing\Testing.csproj", "{1DE84061-4B31-4D03-A835-ED7EA12A4F62}"
EndProject
Project("{FAE04EC0-301F-11D3-BF4B-00C04F79EFBC}") = "ConsoleApp1", "ConsoleApp1\ConsoleApp1.csproj", "{F14E625F-7006-47C2-B08B-483D9B354B9C}"
EndProject
Global
	GlobalSection(SolutionConfigurationPlatforms) = preSolution
		Debug|Any CPU = Debug|Any CPU
		Release|Any CPU = Release|Any CPU
	EndGlobalSection
	GlobalSection(ProjectConfigurationPlatforms) = postSolution
		{1DE84061-4B31-4D03-A835-ED7EA12A4F62}.Debug|Any CPU.ActiveCfg = Debug|Any CPU
		{1DE84061-4B31-4D03-A835-ED7EA12A4F62}.Debug|Any CPU.Build.0 = Debug|Any CPU
		{1DE84061-4B31-4D03-A835-ED7EA12A4F62}.Release|Any CPU.ActiveCfg = Release|Any CPU
		{1DE84061-4B31-4D03-A835-ED7EA12A4F62}.Release|Any CPU.Build.0 = Release|Any CPU
		{F14E625F-7006-47C2-B08B-483D9B354B9C}.Debug|Any CPU.ActiveCfg = Debug|Any CPU
		{F14E625F-7006-47C2-B08B-483D9B354B9C}.Debug|Any CPU.Build.0 = Debug|Any CPU
		{F14E625F-7006-47C2-B08B-483D9B354B9C}.Release|Any CPU.ActiveCfg = Release|Any CPU
		{F14E625F-7006-47C2-B08B-483D9B354B9C}.Release|Any CPU.Build.0 = Release|Any CPU
	EndGlobalSection
	GlobalSection(SolutionProperties) = preSolution
		HideSolutionNode = FALSE
	EndGlobalSection
	GlobalSection(ExtensibilityGlobals) = postSolution
		SolutionGuid = {4BB547BC-5FD3-48D0-8946-43DF3AE28820}
	EndGlobalSection
EndGlobal
