
Microsoft Visual Studio Solution File, Format Version 12.00
# Visual Studio Version 17
VisualStudioVersion = 17.5.33502.453
MinimumVisualStudioVersion = 10.0.40219.1
Project("{FAE04EC0-301F-11D3-BF4B-00C04F79EFBC}") = "Auth", "Auth\Auth.csproj", "{A8B28BE8-3DA6-4690-AB5B-AD4A810504D1}"
EndProject
Global
	GlobalSection(SolutionConfigurationPlatforms) = preSolution
		Debug|Any CPU = Debug|Any CPU
		Release|Any CPU = Release|Any CPU
	EndGlobalSection
	GlobalSection(ProjectConfigurationPlatforms) = postSolution
		{A8B28BE8-3DA6-4690-AB5B-AD4A810504D1}.Debug|Any CPU.ActiveCfg = Debug|Any CPU
		{A8B28BE8-3DA6-4690-AB5B-AD4A810504D1}.Debug|Any CPU.Build.0 = Debug|Any CPU
		{A8B28BE8-3DA6-4690-AB5B-AD4A810504D1}.Release|Any CPU.ActiveCfg = Release|Any CPU
		{A8B28BE8-3DA6-4690-AB5B-AD4A810504D1}.Release|Any CPU.Build.0 = Release|Any CPU
	EndGlobalSection
	GlobalSection(SolutionProperties) = preSolution
		HideSolutionNode = FALSE
	EndGlobalSection
	GlobalSection(ExtensibilityGlobals) = postSolution
		SolutionGuid = {E163D404-73F7-4BD3-86EE-7063E29C3F1A}
	EndGlobalSection
EndGlobal
