
Microsoft Visual Studio Solution File, Format Version 12.00
# Visual Studio Version 17
VisualStudioVersion = 17.5.33502.453
MinimumVisualStudioVersion = 10.0.40219.1
Project("{FAE04EC0-301F-11D3-BF4B-00C04F79EFBC}") = "SQLClient", "SQLClient\SQLClient.csproj", "{4F269716-F1B0-4CF1-AFD0-F8AB2FFC161E}"
EndProject
Global
	GlobalSection(SolutionConfigurationPlatforms) = preSolution
		Debug|Any CPU = Debug|Any CPU
		Release|Any CPU = Release|Any CPU
	EndGlobalSection
	GlobalSection(ProjectConfigurationPlatforms) = postSolution
		{4F269716-F1B0-4CF1-AFD0-F8AB2FFC161E}.Debug|Any CPU.ActiveCfg = Debug|Any CPU
		{4F269716-F1B0-4CF1-AFD0-F8AB2FFC161E}.Debug|Any CPU.Build.0 = Debug|Any CPU
		{4F269716-F1B0-4CF1-AFD0-F8AB2FFC161E}.Release|Any CPU.ActiveCfg = Release|Any CPU
		{4F269716-F1B0-4CF1-AFD0-F8AB2FFC161E}.Release|Any CPU.Build.0 = Release|Any CPU
	EndGlobalSection
	GlobalSection(SolutionProperties) = preSolution
		HideSolutionNode = FALSE
	EndGlobalSection
	GlobalSection(ExtensibilityGlobals) = postSolution
		SolutionGuid = {0961A7D4-19A2-4E8F-A21A-41EC9BB17264}
	EndGlobalSection
EndGlobal
