
Microsoft Visual Studio Solution File, Format Version 12.00
# Visual Studio Version 17
VisualStudioVersion = 17.5.33502.453
MinimumVisualStudioVersion = 10.0.40219.1
Project("{FAE04EC0-301F-11D3-BF4B-00C04F79EFBC}") = "RotateMatrix", "RotateMatrix\RotateMatrix.csproj", "{78500735-7DA9-40F2-BCD2-135E33C826DB}"
EndProject
Global
	GlobalSection(SolutionConfigurationPlatforms) = preSolution
		Debug|Any CPU = Debug|Any CPU
		Release|Any CPU = Release|Any CPU
	EndGlobalSection
	GlobalSection(ProjectConfigurationPlatforms) = postSolution
		{78500735-7DA9-40F2-BCD2-135E33C826DB}.Debug|Any CPU.ActiveCfg = Debug|Any CPU
		{78500735-7DA9-40F2-BCD2-135E33C826DB}.Debug|Any CPU.Build.0 = Debug|Any CPU
		{78500735-7DA9-40F2-BCD2-135E33C826DB}.Release|Any CPU.ActiveCfg = Release|Any CPU
		{78500735-7DA9-40F2-BCD2-135E33C826DB}.Release|Any CPU.Build.0 = Release|Any CPU
	EndGlobalSection
	GlobalSection(SolutionProperties) = preSolution
		HideSolutionNode = FALSE
	EndGlobalSection
	GlobalSection(ExtensibilityGlobals) = postSolution
		SolutionGuid = {B75F1CDF-84BC-4B27-ACD1-778AB42165E8}
	EndGlobalSection
EndGlobal
